// !$*UTF8*$!
{
	archiveVersion = 1;
	classes = {
	};
	objectVersion = 46;
	objects = {

/* Begin PBXBuildFile section */
		7CEC40011B235E8400E40D1D /* main.m in Sources */ = {isa = PBXBuildFile; fileRef = 7CEC40001B235E8400E40D1D /* main.m */; };
		7CEC40041B235E8400E40D1D /* AppDelegate.m in Sources */ = {isa = PBXBuildFile; fileRef = 7CEC40031B235E8400E40D1D /* AppDelegate.m */; };
		7CEC40071B235E8400E40D1D /* ViewController.m in Sources */ = {isa = PBXBuildFile; fileRef = 7CEC40061B235E8400E40D1D /* ViewController.m */; };
		7CEC400C1B235E8400E40D1D /* Images.xcassets in Resources */ = {isa = PBXBuildFile; fileRef = 7CEC400B1B235E8400E40D1D /* Images.xcassets */; };
		7CEC400F1B235E8400E40D1D /* LaunchScreen.xib in Resources */ = {isa = PBXBuildFile; fileRef = 7CEC400D1B235E8400E40D1D /* LaunchScreen.xib */; };
		7CEC401B1B235E8400E40D1D /* AdditionInParseObjCTests.m in Sources */ = {isa = PBXBuildFile; fileRef = 7CEC401A1B235E8400E40D1D /* AdditionInParseObjCTests.m */; };
/* End PBXBuildFile section */

/* Begin PBXContainerItemProxy section */
		7CEC40151B235E8400E40D1D /* PBXContainerItemProxy */ = {
			isa = PBXContainerItemProxy;
			containerPortal = 7CEC3FF31B235E8400E40D1D /* Project object */;
			proxyType = 1;
			remoteGlobalIDString = 7CEC3FFA1B235E8400E40D1D;
			remoteInfo = AdditionInParseObjC;
		};
/* End PBXContainerItemProxy section */

/* Begin PBXFileReference section */
		7CEC3FFB1B235E8400E40D1D /* AdditionInParseObjC.app */ = {isa = PBXFileReference; explicitFileType = wrapper.application; includeInIndex = 0; path = AdditionInParseObjC.app; sourceTree = BUILT_PRODUCTS_DIR; };
		7CEC3FFF1B235E8400E40D1D /* Info.plist */ = {isa = PBXFileReference; lastKnownFileType = text.plist.xml; path = Info.plist; sourceTree = "<group>"; };
		7CEC40001B235E8400E40D1D /* main.m */ = {isa = PBXFileReference; lastKnownFileType = sourcecode.c.objc; path = main.m; sourceTree = "<group>"; };
		7CEC40021B235E8400E40D1D /* AppDelegate.h */ = {isa = PBXFileReference; lastKnownFileType = sourcecode.c.h; path = AppDelegate.h; sourceTree = "<group>"; };
		7CEC40031B235E8400E40D1D /* AppDelegate.m */ = {isa = PBXFileReference; lastKnownFileType = sourcecode.c.objc; path = AppDelegate.m; sourceTree = "<group>"; };
		7CEC40051B235E8400E40D1D /* ViewController.h */ = {isa = PBXFileReference; lastKnownFileType = sourcecode.c.h; path = ViewController.h; sourceTree = "<group>"; };
		7CEC40061B235E8400E40D1D /* ViewController.m */ = {isa = PBXFileReference; lastKnownFileType = sourcecode.c.objc; path = ViewController.m; sourceTree = "<group>"; };
		7CEC400B1B235E8400E40D1D /* Images.xcassets */ = {isa = PBXFileReference; lastKnownFileType = folder.assetcatalog; path = Images.xcassets; sourceTree = "<group>"; };
		7CEC400E1B235E8400E40D1D /* Base */ = {isa = PBXFileReference; lastKnownFileType = file.xib; name = Base; path = Base.lproj/LaunchScreen.xib; sourceTree = "<group>"; };
		7CEC40141B235E8400E40D1D /* AdditionInParseObjCTests.xctest */ = {isa = PBXFileReference; explicitFileType = wrapper.cfbundle; includeInIndex = 0; path = AdditionInParseObjCTests.xctest; sourceTree = BUILT_PRODUCTS_DIR; };
		7CEC40191B235E8400E40D1D /* Info.plist */ = {isa = PBXFileReference; lastKnownFileType = text.plist.xml; path = Info.plist; sourceTree = "<group>"; };
		7CEC401A1B235E8400E40D1D /* AdditionInParseObjCTests.m */ = {isa = PBXFileReference; lastKnownFileType = sourcecode.c.objc; path = AdditionInParseObjCTests.m; sourceTree = "<group>"; };
/* End PBXFileReference section */

/* Begin PBXFrameworksBuildPhase section */
		7CEC3FF81B235E8400E40D1D /* Frameworks */ = {
			isa = PBXFrameworksBuildPhase;
			buildActionMask = 2147483647;
			files = (
			);
			runOnlyForDeploymentPostprocessing = 0;
		};
		7CEC40111B235E8400E40D1D /* Frameworks */ = {
			isa = PBXFrameworksBuildPhase;
			buildActionMask = 2147483647;
			files = (
			);
			runOnlyForDeploymentPostprocessing = 0;
		};
/* End PBXFrameworksBuildPhase section */

/* Begin PBXGroup section */
		7CEC3FF21B235E8400E40D1D = {
			isa = PBXGroup;
			children = (
				7CEC3FFD1B235E8400E40D1D /* AdditionInParseObjC */,
				7CEC40171B235E8400E40D1D /* AdditionInParseObjCTests */,
				7CEC3FFC1B235E8400E40D1D /* Products */,
			);
			sourceTree = "<group>";
		};
		7CEC3FFC1B235E8400E40D1D /* Products */ = {
			isa = PBXGroup;
			children = (
				7CEC3FFB1B235E8400E40D1D /* AdditionInParseObjC.app */,
				7CEC40141B235E8400E40D1D /* AdditionInParseObjCTests.xctest */,
			);
			name = Products;
			sourceTree = "<group>";
		};
		7CEC3FFD1B235E8400E40D1D /* AdditionInParseObjC */ = {
			isa = PBXGroup;
			children = (
				7CEC40021B235E8400E40D1D /* AppDelegate.h */,
				7CEC40031B235E8400E40D1D /* AppDelegate.m */,
				7CEC40051B235E8400E40D1D /* ViewController.h */,
				7CEC40061B235E8400E40D1D /* ViewController.m */,
				7CEC400B1B235E8400E40D1D /* Images.xcassets */,
				7CEC400D1B235E8400E40D1D /* LaunchScreen.xib */,
				7CEC3FFE1B235E8400E40D1D /* Supporting Files */,
			);
			path = AdditionInParseObjC;
			sourceTree = "<group>";
		};
		7CEC3FFE1B235E8400E40D1D /* Supporting Files */ = {
			isa = PBXGroup;
			children = (
				7CEC3FFF1B235E8400E40D1D /* Info.plist */,
				7CEC40001B235E8400E40D1D /* main.m */,
			);
			name = "Supporting Files";
			sourceTree = "<group>";
		};
		7CEC40171B235E8400E40D1D /* AdditionInParseObjCTests */ = {
			isa = PBXGroup;
			children = (
				7CEC401A1B235E8400E40D1D /* AdditionInParseObjCTests.m */,
				7CEC40181B235E8400E40D1D /* Supporting Files */,
			);
			path = AdditionInParseObjCTests;
			sourceTree = "<group>";
		};
		7CEC40181B235E8400E40D1D /* Supporting Files */ = {
			isa = PBXGroup;
			children = (
				7CEC40191B235E8400E40D1D /* Info.plist */,
			);
			name = "Supporting Files";
			sourceTree = "<group>";
		};
/* End PBXGroup section */

/* Begin PBXNativeTarget section */
		7CEC3FFA1B235E8400E40D1D /* AdditionInParseObjC */ = {
			isa = PBXNativeTarget;
			buildConfigurationList = 7CEC401E1B235E8400E40D1D /* Build configuration list for PBXNativeTarget "AdditionInParseObjC" */;
			buildPhases = (
				7CEC3FF71B235E8400E40D1D /* Sources */,
				7CEC3FF81B235E8400E40D1D /* Frameworks */,
				7CEC3FF91B235E8400E40D1D /* Resources */,
			);
			buildRules = (
			);
			dependencies = (
			);
			name = AdditionInParseObjC;
			productName = AdditionInParseObjC;
			productReference = 7CEC3FFB1B235E8400E40D1D /* AdditionInParseObjC.app */;
			productType = "com.apple.product-type.application";
		};
		7CEC40131B235E8400E40D1D /* AdditionInParseObjCTests */ = {
			isa = PBXNativeTarget;
			buildConfigurationList = 7CEC40211B235E8400E40D1D /* Build configuration list for PBXNativeTarget "AdditionInParseObjCTests" */;
			buildPhases = (
				7CEC40101B235E8400E40D1D /* Sources */,
				7CEC40111B235E8400E40D1D /* Frameworks */,
				7CEC40121B235E8400E40D1D /* Resources */,
			);
			buildRules = (
			);
			dependencies = (
				7CEC40161B235E8400E40D1D /* PBXTargetDependency */,
			);
			name = AdditionInParseObjCTests;
			productName = AdditionInParseObjCTests;
			productReference = 7CEC40141B235E8400E40D1D /* AdditionInParseObjCTests.xctest */;
			productType = "com.apple.product-type.bundle.unit-test";
		};
/* End PBXNativeTarget section */

/* Begin PBXProject section */
		7CEC3FF31B235E8400E40D1D /* Project object */ = {
			isa = PBXProject;
			attributes = {
				LastUpgradeCheck = 0630;
				ORGANIZATIONNAME = "Giving Tree";
				TargetAttributes = {
					7CEC3FFA1B235E8400E40D1D = {
						CreatedOnToolsVersion = 6.3.1;
					};
					7CEC40131B235E8400E40D1D = {
						CreatedOnToolsVersion = 6.3.1;
						TestTargetID = 7CEC3FFA1B235E8400E40D1D;
					};
				};
			};
			buildConfigurationList = 7CEC3FF61B235E8400E40D1D /* Build configuration list for PBXProject "AdditionInParseObjC" */;
			compatibilityVersion = "Xcode 3.2";
			developmentRegion = English;
			hasScannedForEncodings = 0;
			knownRegions = (
				en,
				Base,
			);
			mainGroup = 7CEC3FF21B235E8400E40D1D;
			productRefGroup = 7CEC3FFC1B235E8400E40D1D /* Products */;
			projectDirPath = "";
			projectRoot = "";
			targets = (
				7CEC3FFA1B235E8400E40D1D /* AdditionInParseObjC */,
				7CEC40131B235E8400E40D1D /* AdditionInParseObjCTests */,
			);
		};
/* End PBXProject section */

/* Begin PBXResourcesBuildPhase section */
		7CEC3FF91B235E8400E40D1D /* Resources */ = {
			isa = PBXResourcesBuildPhase;
			buildActionMask = 2147483647;
			files = (
				7CEC400F1B235E8400E40D1D /* LaunchScreen.xib in Resources */,
				7CEC400C1B235E8400E40D1D /* Images.xcassets in Resources */,
			);
			runOnlyForDeploymentPostprocessing = 0;
		};
		7CEC40121B235E8400E40D1D /* Resources */ = {
			isa = PBXResourcesBuildPhase;
			buildActionMask = 2147483647;
			files = (
			);
			runOnlyForDeploymentPostprocessing = 0;
		};
/* End PBXResourcesBuildPhase section */

/* Begin PBXSourcesBuildPhase section */
		7CEC3FF71B235E8400E40D1D /* Sources */ = {
			isa = PBXSourcesBuildPhase;
			buildActionMask = 2147483647;
			files = (
				7CEC40071B235E8400E40D1D /* ViewController.m in Sources */,
				7CEC40041B235E8400E40D1D /* AppDelegate.m in Sources */,
				7CEC40011B235E8400E40D1D /* main.m in Sources */,
			);
			runOnlyForDeploymentPostprocessing = 0;
		};
		7CEC40101B235E8400E40D1D /* Sources */ = {
			isa = PBXSourcesBuildPhase;
			buildActionMask = 2147483647;
			files = (
				7CEC401B1B235E8400E40D1D /* AdditionInParseObjCTests.m in Sources */,
			);
			runOnlyForDeploymentPostprocessing = 0;
		};
/* End PBXSourcesBuildPhase section */

/* Begin PBXTargetDependency section */
		7CEC40161B235E8400E40D1D /* PBXTargetDependency */ = {
			isa = PBXTargetDependency;
			target = 7CEC3FFA1B235E8400E40D1D /* AdditionInParseObjC */;
			targetProxy = 7CEC40151B235E8400E40D1D /* PBXContainerItemProxy */;
		};
/* End PBXTargetDependency section */

/* Begin PBXVariantGroup section */
		7CEC400D1B235E8400E40D1D /* LaunchScreen.xib */ = {
			isa = PBXVariantGroup;
			children = (
				7CEC400E1B235E8400E40D1D /* Base */,
			);
			name = LaunchScreen.xib;
			sourceTree = "<group>";
		};
/* End PBXVariantGroup section */

/* Begin XCBuildConfiguration section */
		7CEC401C1B235E8400E40D1D /* Debug */ = {
			isa = XCBuildConfiguration;
			buildSettings = {
				ALWAYS_SEARCH_USER_PATHS = NO;
				CLANG_CXX_LANGUAGE_STANDARD = "gnu++0x";
				CLANG_CXX_LIBRARY = "libc++";
				CLANG_ENABLE_MODULES = YES;
				CLANG_ENABLE_OBJC_ARC = YES;
				CLANG_WARN_BOOL_CONVERSION = YES;
				CLANG_WARN_CONSTANT_CONVERSION = YES;
				CLANG_WARN_DIRECT_OBJC_ISA_USAGE = YES_ERROR;
				CLANG_WARN_EMPTY_BODY = YES;
				CLANG_WARN_ENUM_CONVERSION = YES;
				CLANG_WARN_INT_CONVERSION = YES;
				CLANG_WARN_OBJC_ROOT_CLASS = YES_ERROR;
				CLANG_WARN_UNREACHABLE_CODE = YES;
				CLANG_WARN__DUPLICATE_METHOD_MATCH = YES;
				"CODE_SIGN_IDENTITY[sdk=iphoneos*]" = "iPhone Developer";
				COPY_PHASE_STRIP = NO;
				DEBUG_INFORMATION_FORMAT = "dwarf-with-dsym";
				ENABLE_STRICT_OBJC_MSGSEND = YES;
				GCC_C_LANGUAGE_STANDARD = gnu99;
				GCC_DYNAMIC_NO_PIC = NO;
				GCC_NO_COMMON_BLOCKS = YES;
				GCC_OPTIMIZATION_LEVEL = 0;
				GCC_PREPROCESSOR_DEFINITIONS = (
					"DEBUG=1",
					"$(inherited)",
				);
				GCC_SYMBOLS_PRIVATE_EXTERN = NO;
				GCC_WARN_64_TO_32_BIT_CONVERSION = YES;
				GCC_WARN_ABOUT_RETURN_TYPE = YES_ERROR;
				GCC_WARN_UNDECLARED_SELECTOR = YES;
				GCC_WARN_UNINITIALIZED_AUTOS = YES_AGGRESSIVE;
				GCC_WARN_UNUSED_FUNCTION = YES;
				GCC_WARN_UNUSED_VARIABLE = YES;
				IPHONEOS_DEPLOYMENT_TARGET = 8.3;
				MTL_ENABLE_DEBUG_INFO = YES;
				ONLY_ACTIVE_ARCH = YES;
				SDKROOT = iphoneos;
			};
			name = Debug;
		};
		7CEC401D1B235E8400E40D1D /* Release */ = {
			isa = XCBuildConfiguration;
			buildSettings = {
				ALWAYS_SEARCH_USER_PATHS = NO;
				CLANG_CXX_LANGUAGE_STANDARD = "gnu++0x";
				CLANG_CXX_LIBRARY = "libc++";
				CLANG_ENABLE_MODULES = YES;
				CLANG_ENABLE_OBJC_ARC = YES;
				CLANG_WARN_BOOL_CONVERSION = YES;
				CLANG_WARN_CONSTANT_CONVERSION = YES;
				CLANG_WARN_DIRECT_OBJC_ISA_USAGE = YES_ERROR;
				CLANG_WARN_EMPTY_BODY = YES;
				CLANG_WARN_ENUM_CONVERSION = YES;
				CLANG_WARN_INT_CONVERSION = YES;
				CLANG_WARN_OBJC_ROOT_CLASS = YES_ERROR;
				CLANG_WARN_UNREACHABLE_CODE = YES;
				CLANG_WARN__DUPLICATE_METHOD_MATCH = YES;
				"CODE_SIGN_IDENTITY[sdk=iphoneos*]" = "iPhone Developer";
				COPY_PHASE_STRIP = NO;
				DEBUG_INFORMATION_FORMAT = "dwarf-with-dsym";
				ENABLE_NS_ASSERTIONS = NO;
				ENABLE_STRICT_OBJC_MSGSEND = YES;
				GCC_C_LANGUAGE_STANDARD = gnu99;
				GCC_NO_COMMON_BLOCKS = YES;
				GCC_WARN_64_TO_32_BIT_CONVERSION = YES;
				GCC_WARN_ABOUT_RETURN_TYPE = YES_ERROR;
				GCC_WARN_UNDECLARED_SELECTOR = YES;
				GCC_WARN_UNINITIALIZED_AUTOS = YES_AGGRESSIVE;
				GCC_WARN_UNUSED_FUNCTION = YES;
				GCC_WARN_UNUSED_VARIABLE = YES;
				IPHONEOS_DEPLOYMENT_TARGET = 8.3;
				MTL_ENABLE_DEBUG_INFO = NO;
				SDKROOT = iphoneos;
				VALIDATE_PRODUCT = YES;
			};
			name = Release;
		};
		7CEC401F1B235E8400E40D1D /* Debug */ = {
			isa = XCBuildConfiguration;
			buildSettings = {
				ASSETCATALOG_COMPILER_APPICON_NAME = AppIcon;
				INFOPLIST_FILE = AdditionInParseObjC/Info.plist;
				LD_RUNPATH_SEARCH_PATHS = "$(inherited) @executable_path/Frameworks";
				PRODUCT_NAME = "$(TARGET_NAME)";
			};
			name = Debug;
		};
		7CEC40201B235E8400E40D1D /* Release */ = {
			isa = XCBuildConfiguration;
			buildSettings = {
				ASSETCATALOG_COMPILER_APPICON_NAME = AppIcon;
				INFOPLIST_FILE = AdditionInParseObjC/Info.plist;
				LD_RUNPATH_SEARCH_PATHS = "$(inherited) @executable_path/Frameworks";
				PRODUCT_NAME = "$(TARGET_NAME)";
			};
			name = Release;
		};
		7CEC40221B235E8400E40D1D /* Debug */ = {
			isa = XCBuildConfiguration;
			buildSettings = {
				BUNDLE_LOADER = "$(TEST_HOST)";
				FRAMEWORK_SEARCH_PATHS = (
					"$(SDKROOT)/Developer/Library/Frameworks",
					"$(inherited)",
				);
				GCC_PREPROCESSOR_DEFINITIONS = (
					"DEBUG=1",
					"$(inherited)",
				);
				INFOPLIST_FILE = AdditionInParseObjCTests/Info.plist;
				LD_RUNPATH_SEARCH_PATHS = "$(inherited) @executable_path/Frameworks @loader_path/Frameworks";
				PRODUCT_NAME = "$(TARGET_NAME)";
				TEST_HOST = "$(BUILT_PRODUCTS_DIR)/AdditionInParseObjC.app/AdditionInParseObjC";
			};
			name = Debug;
		};
		7CEC40231B235E8400E40D1D /* Release */ = {
			isa = XCBuildConfiguration;
			buildSettings = {
				BUNDLE_LOADER = "$(TEST_HOST)";
				FRAMEWORK_SEARCH_PATHS = (
					"$(SDKROOT)/Developer/Library/Frameworks",
					"$(inherited)",
				);
				INFOPLIST_FILE = AdditionInParseObjCTests/Info.plist;
				LD_RUNPATH_SEARCH_PATHS = "$(inherited) @executable_path/Frameworks @loader_path/Frameworks";
				PRODUCT_NAME = "$(TARGET_NAME)";
				TEST_HOST = "$(BUILT_PRODUCTS_DIR)/AdditionInParseObjC.app/AdditionInParseObjC";
			};
			name = Release;
		};
/* End XCBuildConfiguration section */

/* Begin XCConfigurationList section */
		7CEC3FF61B235E8400E40D1D /* Build configuration list for PBXProject "AdditionInParseObjC" */ = {
			isa = XCConfigurationList;
			buildConfigurations = (
				7CEC401C1B235E8400E40D1D /* Debug */,
				7CEC401D1B235E8400E40D1D /* Release */,
			);
			defaultConfigurationIsVisible = 0;
			defaultConfigurationName = Release;
		};
		7CEC401E1B235E8400E40D1D /* Build configuration list for PBXNativeTarget "AdditionInParseObjC" */ = {
			isa = XCConfigurationList;
			buildConfigurations = (
				7CEC401F1B235E8400E40D1D /* Debug */,
				7CEC40201B235E8400E40D1D /* Release */,
			);
			defaultConfigurationIsVisible = 0;
		};
		7CEC40211B235E8400E40D1D /* Build configuration list for PBXNativeTarget "AdditionInParseObjCTests" */ = {
			isa = XCConfigurationList;
			buildConfigurations = (
				7CEC40221B235E8400E40D1D /* Debug */,
				7CEC40231B235E8400E40D1D /* Release */,
			);
			defaultConfigurationIsVisible = 0;
		};
/* End XCConfigurationList section */
	};
	rootObject = 7CEC3FF31B235E8400E40D1D /* Project object */;
}
